// !$*UTF8*$!
{
	archiveVersion = 1;
	classes = {
	};
	objectVersion = 56;
	objects = {

/* Begin PBXBuildFile section */
		84013DF42C87477D008A2A35 /* MyYoutubeApp.swift in Sources */ = {isa = PBXBuildFile; fileRef = 84013DF32C87477D008A2A35 /* MyYoutubeApp.swift */; };
		84013DF62C87477D008A2A35 /* HomeView.swift in Sources */ = {isa = PBXBuildFile; fileRef = 84013DF52C87477D008A2A35 /* HomeView.swift */; };
		84013DF82C87477E008A2A35 /* Assets.xcassets in Resources */ = {isa = PBXBuildFile; fileRef = 84013DF72C87477E008A2A35 /* Assets.xcassets */; };
		84013DFC2C87477E008A2A35 /* Preview Assets.xcassets in Resources */ = {isa = PBXBuildFile; fileRef = 84013DFB2C87477E008A2A35 /* Preview Assets.xcassets */; };
		84013E072C87485F008A2A35 /* DataService.swift in Sources */ = {isa = PBXBuildFile; fileRef = 84013E062C87485F008A2A35 /* DataService.swift */; };
		84013E092C874898008A2A35 /* FeedView.swift in Sources */ = {isa = PBXBuildFile; fileRef = 84013E082C874898008A2A35 /* FeedView.swift */; };
		84013E0B2C8748A0008A2A35 /* VideoRowView.swift in Sources */ = {isa = PBXBuildFile; fileRef = 84013E0A2C8748A0008A2A35 /* VideoRowView.swift */; };
		84013E0D2C8748A8008A2A35 /* VideoDetailView.swift in Sources */ = {isa = PBXBuildFile; fileRef = 84013E0C2C8748A8008A2A35 /* VideoDetailView.swift */; };
		84013E0F2C8748C9008A2A35 /* Video.swift in Sources */ = {isa = PBXBuildFile; fileRef = 84013E0E2C8748C9008A2A35 /* Video.swift */; };
		84013E112C8748D8008A2A35 /* Playlist.swift in Sources */ = {isa = PBXBuildFile; fileRef = 84013E102C8748D8008A2A35 /* Playlist.swift */; };
/* End PBXBuildFile section */

/* Begin PBXFileReference section */
		84013DF02C87477D008A2A35 /* MyYoutubeApp.app */ = {isa = PBXFileReference; explicitFileType = wrapper.application; includeInIndex = 0; path = MyYoutubeApp.app; sourceTree = BUILT_PRODUCTS_DIR; };
		84013DF32C87477D008A2A35 /* MyYoutubeApp.swift */ = {isa = PBXFileReference; lastKnownFileType = sourcecode.swift; path = MyYoutubeApp.swift; sourceTree = "<group>"; };
		84013DF52C87477D008A2A35 /* HomeView.swift */ = {isa = PBXFileReference; lastKnownFileType = sourcecode.swift; path = HomeView.swift; sourceTree = "<group>"; };
		84013DF72C87477E008A2A35 /* Assets.xcassets */ = {isa = PBXFileReference; lastKnownFileType = folder.assetcatalog; path = Assets.xcassets; sourceTree = "<group>"; };
		84013DF92C87477E008A2A35 /* MyYoutubeApp.entitlements */ = {isa = PBXFileReference; lastKnownFileType = text.plist.entitlements; path = MyYoutubeApp.entitlements; sourceTree = "<group>"; };
		84013DFB2C87477E008A2A35 /* Preview Assets.xcassets */ = {isa = PBXFileReference; lastKnownFileType = folder.assetcatalog; path = "Preview Assets.xcassets"; sourceTree = "<group>"; };
		84013E062C87485F008A2A35 /* DataService.swift */ = {isa = PBXFileReference; lastKnownFileType = sourcecode.swift; path = DataService.swift; sourceTree = "<group>"; };
		84013E082C874898008A2A35 /* FeedView.swift */ = {isa = PBXFileReference; lastKnownFileType = sourcecode.swift; path = FeedView.swift; sourceTree = "<group>"; };
		84013E0A2C8748A0008A2A35 /* VideoRowView.swift */ = {isa = PBXFileReference; lastKnownFileType = sourcecode.swift; path = VideoRowView.swift; sourceTree = "<group>"; };
		84013E0C2C8748A8008A2A35 /* VideoDetailView.swift */ = {isa = PBXFileReference; lastKnownFileType = sourcecode.swift; path = VideoDetailView.swift; sourceTree = "<group>"; };
		84013E0E2C8748C9008A2A35 /* Video.swift */ = {isa = PBXFileReference; lastKnownFileType = sourcecode.swift; path = Video.swift; sourceTree = "<group>"; };
		84013E102C8748D8008A2A35 /* Playlist.swift */ = {isa = PBXFileReference; lastKnownFileType = sourcecode.swift; path = Playlist.swift; sourceTree = "<group>"; };
		84013E122C874C98008A2A35 /* Config.xcconfig */ = {isa = PBXFileReference; lastKnownFileType = text.xcconfig; path = Config.xcconfig; sourceTree = "<group>"; };
		84013E132C874D25008A2A35 /* Info.plist */ = {isa = PBXFileReference; lastKnownFileType = text.plist; path = Info.plist; sourceTree = "<group>"; };
/* End PBXFileReference section */

/* Begin PBXFrameworksBuildPhase section */
		84013DED2C87477D008A2A35 /* Frameworks */ = {
			isa = PBXFrameworksBuildPhase;
			buildActionMask = 2147483647;
			files = (
			);
			runOnlyForDeploymentPostprocessing = 0;
		};
/* End PBXFrameworksBuildPhase section */

/* Begin PBXGroup section */
		84013DE72C87477D008A2A35 = {
			isa = PBXGroup;
			children = (
				84013DF22C87477D008A2A35 /* MyYoutubeApp */,
				84013DF12C87477D008A2A35 /* Products */,
			);
			sourceTree = "<group>";
		};
		84013DF12C87477D008A2A35 /* Products */ = {
			isa = PBXGroup;
			children = (
				84013DF02C87477D008A2A35 /* MyYoutubeApp.app */,
			);
			name = Products;
			sourceTree = "<group>";
		};
		84013DF22C87477D008A2A35 /* MyYoutubeApp */ = {
			isa = PBXGroup;
			children = (
				84013E132C874D25008A2A35 /* Info.plist */,
				84013E022C8747E4008A2A35 /* App */,
				84013E042C874834008A2A35 /* Services */,
				84013E032C874810008A2A35 /* Views */,
				84013E052C874840008A2A35 /* Models */,
				84013DF72C87477E008A2A35 /* Assets.xcassets */,
				84013DF92C87477E008A2A35 /* MyYoutubeApp.entitlements */,
				84013DFA2C87477E008A2A35 /* Preview Content */,
				84013E122C874C98008A2A35 /* Config.xcconfig */,
			);
			path = MyYoutubeApp;
			sourceTree = "<group>";
		};
		84013DFA2C87477E008A2A35 /* Preview Content */ = {
			isa = PBXGroup;
			children = (
				84013DFB2C87477E008A2A35 /* Preview Assets.xcassets */,
			);
			path = "Preview Content";
			sourceTree = "<group>";
		};
		84013E022C8747E4008A2A35 /* App */ = {
			isa = PBXGroup;
			children = (
				84013DF32C87477D008A2A35 /* MyYoutubeApp.swift */,
			);
			path = App;
			sourceTree = "<group>";
		};
		84013E032C874810008A2A35 /* Views */ = {
			isa = PBXGroup;
			children = (
				84013DF52C87477D008A2A35 /* HomeView.swift */,
				84013E082C874898008A2A35 /* FeedView.swift */,
				84013E0A2C8748A0008A2A35 /* VideoRowView.swift */,
				84013E0C2C8748A8008A2A35 /* VideoDetailView.swift */,
			);
			path = Views;
			sourceTree = "<group>";
		};
		84013E042C874834008A2A35 /* Services */ = {
			isa = PBXGroup;
			children = (
				84013E062C87485F008A2A35 /* DataService.swift */,
			);
			path = Services;
			sourceTree = "<group>";
		};
		84013E052C874840008A2A35 /* Models */ = {
			isa = PBXGroup;
			children = (
				84013E0E2C8748C9008A2A35 /* Video.swift */,
				84013E102C8748D8008A2A35 /* Playlist.swift */,
			);
			path = Models;
			sourceTree = "<group>";
		};
/* End PBXGroup section */

/* Begin PBXNativeTarget section */
		84013DEF2C87477D008A2A35 /* MyYoutubeApp */ = {
			isa = PBXNativeTarget;
			buildConfigurationList = 84013DFF2C87477E008A2A35 /* Build configuration list for PBXNativeTarget "MyYoutubeApp" */;
			buildPhases = (
				84013DEC2C87477D008A2A35 /* Sources */,
				84013DED2C87477D008A2A35 /* Frameworks */,
				84013DEE2C87477D008A2A35 /* Resources */,
			);
			buildRules = (
			);
			dependencies = (
			);
			name = MyYoutubeApp;
			productName = MyYoutubeApp;
			productReference = 84013DF02C87477D008A2A35 /* MyYoutubeApp.app */;
			productType = "com.apple.product-type.application";
		};
/* End PBXNativeTarget section */

/* Begin PBXProject section */
		84013DE82C87477D008A2A35 /* Project object */ = {
			isa = PBXProject;
			attributes = {
				BuildIndependentTargetsInParallel = 1;
				LastSwiftUpdateCheck = 1540;
				LastUpgradeCheck = 1540;
				TargetAttributes = {
					84013DEF2C87477D008A2A35 = {
						CreatedOnToolsVersion = 15.4;
					};
				};
			};
			buildConfigurationList = 84013DEB2C87477D008A2A35 /* Build configuration list for PBXProject "MyYoutubeApp" */;
			compatibilityVersion = "Xcode 14.0";
			developmentRegion = en;
			hasScannedForEncodings = 0;
			knownRegions = (
				en,
				Base,
			);
			mainGroup = 84013DE72C87477D008A2A35;
			productRefGroup = 84013DF12C87477D008A2A35 /* Products */;
			projectDirPath = "";
			projectRoot = "";
			targets = (
				84013DEF2C87477D008A2A35 /* MyYoutubeApp */,
			);
		};
/* End PBXProject section */

/* Begin PBXResourcesBuildPhase section */
		84013DEE2C87477D008A2A35 /* Resources */ = {
			isa = PBXResourcesBuildPhase;
			buildActionMask = 2147483647;
			files = (
				84013DFC2C87477E008A2A35 /* Preview Assets.xcassets in Resources */,
				84013DF82C87477E008A2A35 /* Assets.xcassets in Resources */,
			);
			runOnlyForDeploymentPostprocessing = 0;
		};
/* End PBXResourcesBuildPhase section */

/* Begin PBXSourcesBuildPhase section */
		84013DEC2C87477D008A2A35 /* Sources */ = {
			isa = PBXSourcesBuildPhase;
			buildActionMask = 2147483647;
			files = (
				84013E092C874898008A2A35 /* FeedView.swift in Sources */,
				84013E0D2C8748A8008A2A35 /* VideoDetailView.swift in Sources */,
				84013E0B2C8748A0008A2A35 /* VideoRowView.swift in Sources */,
				84013E112C8748D8008A2A35 /* Playlist.swift in Sources */,
				84013E072C87485F008A2A35 /* DataService.swift in Sources */,
				84013DF62C87477D008A2A35 /* HomeView.swift in Sources */,
				84013E0F2C8748C9008A2A35 /* Video.swift in Sources */,
				84013DF42C87477D008A2A35 /* MyYoutubeApp.swift in Sources */,
			);
			runOnlyForDeploymentPostprocessing = 0;
		};
/* End PBXSourcesBuildPhase section */

/* Begin XCBuildConfiguration section */
		84013DFD2C87477E008A2A35 /* Debug */ = {
			isa = XCBuildConfiguration;
			baseConfigurationReference = 84013E122C874C98008A2A35 /* Config.xcconfig */;
			buildSettings = {
				ALWAYS_SEARCH_USER_PATHS = NO;
				ASSETCATALOG_COMPILER_GENERATE_SWIFT_ASSET_SYMBOL_EXTENSIONS = YES;
				CLANG_ANALYZER_NONNULL = YES;
				CLANG_ANALYZER_NUMBER_OBJECT_CONVERSION = YES_AGGRESSIVE;
				CLANG_CXX_LANGUAGE_STANDARD = "gnu++20";
				CLANG_ENABLE_MODULES = YES;
				CLANG_ENABLE_OBJC_ARC = YES;
				CLANG_ENABLE_OBJC_WEAK = YES;
				CLANG_WARN_BLOCK_CAPTURE_AUTORELEASING = YES;
				CLANG_WARN_BOOL_CONVERSION = YES;
				CLANG_WARN_COMMA = YES;
				CLANG_WARN_CONSTANT_CONVERSION = YES;
				CLANG_WARN_DEPRECATED_OBJC_IMPLEMENTATIONS = YES;
				CLANG_WARN_DIRECT_OBJC_ISA_USAGE = YES_ERROR;
				CLANG_WARN_DOCUMENTATION_COMMENTS = YES;
				CLANG_WARN_EMPTY_BODY = YES;
				CLANG_WARN_ENUM_CONVERSION = YES;
				CLANG_WARN_INFINITE_RECURSION = YES;
				CLANG_WARN_INT_CONVERSION = YES;
				CLANG_WARN_NON_LITERAL_NULL_CONVERSION = YES;
				CLANG_WARN_OBJC_IMPLICIT_RETAIN_SELF = YES;
				CLANG_WARN_OBJC_LITERAL_CONVERSION = YES;
				CLANG_WARN_OBJC_ROOT_CLASS = YES_ERROR;
				CLANG_WARN_QUOTED_INCLUDE_IN_FRAMEWORK_HEADER = YES;
				CLANG_WARN_RANGE_LOOP_ANALYSIS = YES;
				CLANG_WARN_STRICT_PROTOTYPES = YES;
				CLANG_WARN_SUSPICIOUS_MOVE = YES;
				CLANG_WARN_UNGUARDED_AVAILABILITY = YES_AGGRESSIVE;
				CLANG_WARN_UNREACHABLE_CODE = YES;
				CLANG_WARN__DUPLICATE_METHOD_MATCH = YES;
				COPY_PHASE_STRIP = NO;
				DEBUG_INFORMATION_FORMAT = dwarf;
				ENABLE_STRICT_OBJC_MSGSEND = YES;
				ENABLE_TESTABILITY = YES;
				ENABLE_USER_SCRIPT_SANDBOXING = YES;
				GCC_C_LANGUAGE_STANDARD = gnu17;
				GCC_DYNAMIC_NO_PIC = NO;
				GCC_NO_COMMON_BLOCKS = YES;
				GCC_OPTIMIZATION_LEVEL = 0;
				GCC_PREPROCESSOR_DEFINITIONS = (
					"DEBUG=1",
					"$(inherited)",
				);
				GCC_WARN_64_TO_32_BIT_CONVERSION = YES;
				GCC_WARN_ABOUT_RETURN_TYPE = YES_ERROR;
				GCC_WARN_UNDECLARED_SELECTOR = YES;
				GCC_WARN_UNINITIALIZED_AUTOS = YES_AGGRESSIVE;
				GCC_WARN_UNUSED_FUNCTION = YES;
				GCC_WARN_UNUSED_VARIABLE = YES;
				LOCALIZATION_PREFERS_STRING_CATALOGS = YES;
				MTL_ENABLE_DEBUG_INFO = INCLUDE_SOURCE;
				MTL_FAST_MATH = YES;
				ONLY_ACTIVE_ARCH = YES;
				SWIFT_ACTIVE_COMPILATION_CONDITIONS = "DEBUG $(inherited)";
				SWIFT_OPTIMIZATION_LEVEL = "-Onone";
			};
			name = Debug;
		};
		84013DFE2C87477E008A2A35 /* Release */ = {
			isa = XCBuildConfiguration;
			baseConfigurationReference = 84013E122C874C98008A2A35 /* Config.xcconfig */;
			buildSettings = {
				ALWAYS_SEARCH_USER_PATHS = NO;
				ASSETCATALOG_COMPILER_GENERATE_SWIFT_ASSET_SYMBOL_EXTENSIONS = YES;
				CLANG_ANALYZER_NONNULL = YES;
				CLANG_ANALYZER_NUMBER_OBJECT_CONVERSION = YES_AGGRESSIVE;
				CLANG_CXX_LANGUAGE_STANDARD = "gnu++20";
				CLANG_ENABLE_MODULES = YES;
				CLANG_ENABLE_OBJC_ARC = YES;
				CLANG_ENABLE_OBJC_WEAK = YES;
				CLANG_WARN_BLOCK_CAPTURE_AUTORELEASING = YES;
				CLANG_WARN_BOOL_CONVERSION = YES;
				CLANG_WARN_COMMA = YES;
				CLANG_WARN_CONSTANT_CONVERSION = YES;
				CLANG_WARN_DEPRECATED_OBJC_IMPLEMENTATIONS = YES;
				CLANG_WARN_DIRECT_OBJC_ISA_USAGE = YES_ERROR;
				CLANG_WARN_DOCUMENTATION_COMMENTS = YES;
				CLANG_WARN_EMPTY_BODY = YES;
				CLANG_WARN_ENUM_CONVERSION = YES;
				CLANG_WARN_INFINITE_RECURSION = YES;
				CLANG_WARN_INT_CONVERSION = YES;
				CLANG_WARN_NON_LITERAL_NULL_CONVERSION = YES;
				CLANG_WARN_OBJC_IMPLICIT_RETAIN_SELF = YES;
				CLANG_WARN_OBJC_LITERAL_CONVERSION = YES;
				CLANG_WARN_OBJC_ROOT_CLASS = YES_ERROR;
				CLANG_WARN_QUOTED_INCLUDE_IN_FRAMEWORK_HEADER = YES;
				CLANG_WARN_RANGE_LOOP_ANALYSIS = YES;
				CLANG_WARN_STRICT_PROTOTYPES = YES;
				CLANG_WARN_SUSPICIOUS_MOVE = YES;
				CLANG_WARN_UNGUARDED_AVAILABILITY = YES_AGGRESSIVE;
				CLANG_WARN_UNREACHABLE_CODE = YES;
				CLANG_WARN__DUPLICATE_METHOD_MATCH = YES;
				COPY_PHASE_STRIP = NO;
				DEBUG_INFORMATION_FORMAT = "dwarf-with-dsym";
				ENABLE_NS_ASSERTIONS = NO;
				ENABLE_STRICT_OBJC_MSGSEND = YES;
				ENABLE_USER_SCRIPT_SANDBOXING = YES;
				GCC_C_LANGUAGE_STANDARD = gnu17;
				GCC_NO_COMMON_BLOCKS = YES;
				GCC_WARN_64_TO_32_BIT_CONVERSION = YES;
				GCC_WARN_ABOUT_RETURN_TYPE = YES_ERROR;
				GCC_WARN_UNDECLARED_SELECTOR = YES;
				GCC_WARN_UNINITIALIZED_AUTOS = YES_AGGRESSIVE;
				GCC_WARN_UNUSED_FUNCTION = YES;
				GCC_WARN_UNUSED_VARIABLE = YES;
				LOCALIZATION_PREFERS_STRING_CATALOGS = YES;
				MTL_ENABLE_DEBUG_INFO = NO;
				MTL_FAST_MATH = YES;
				SWIFT_COMPILATION_MODE = wholemodule;
			};
			name = Release;
		};
		84013E002C87477E008A2A35 /* Debug */ = {
			isa = XCBuildConfiguration;
			buildSettings = {
				ASSETCATALOG_COMPILER_APPICON_NAME = AppIcon;
				ASSETCATALOG_COMPILER_GLOBAL_ACCENT_COLOR_NAME = AccentColor;
				CODE_SIGN_ENTITLEMENTS = MyYoutubeApp/MyYoutubeApp.entitlements;
				CODE_SIGN_STYLE = Automatic;
				CURRENT_PROJECT_VERSION = 1;
				DEVELOPMENT_ASSET_PATHS = "\"MyYoutubeApp/Preview Content\"";
				DEVELOPMENT_TEAM = G3CQ4T9TU2;
				ENABLE_HARDENED_RUNTIME = YES;
				ENABLE_PREVIEWS = YES;
				GENERATE_INFOPLIST_FILE = YES;
				INFOPLIST_FILE = MyYoutubeApp/Info.plist;
				"INFOPLIST_KEY_UIApplicationSceneManifest_Generation[sdk=iphoneos*]" = YES;
				"INFOPLIST_KEY_UIApplicationSceneManifest_Generation[sdk=iphonesimulator*]" = YES;
				"INFOPLIST_KEY_UIApplicationSupportsIndirectInputEvents[sdk=iphoneos*]" = YES;
				"INFOPLIST_KEY_UIApplicationSupportsIndirectInputEvents[sdk=iphonesimulator*]" = YES;
				"INFOPLIST_KEY_UILaunchScreen_Generation[sdk=iphoneos*]" = YES;
				"INFOPLIST_KEY_UILaunchScreen_Generation[sdk=iphonesimulator*]" = YES;
				"INFOPLIST_KEY_UIStatusBarStyle[sdk=iphoneos*]" = UIStatusBarStyleDefault;
				"INFOPLIST_KEY_UIStatusBarStyle[sdk=iphonesimulator*]" = UIStatusBarStyleDefault;
				INFOPLIST_KEY_UISupportedInterfaceOrientations_iPad = "UIInterfaceOrientationPortrait UIInterfaceOrientationPortraitUpsideDown UIInterfaceOrientationLandscapeLeft UIInterfaceOrientationLandscapeRight";
				INFOPLIST_KEY_UISupportedInterfaceOrientations_iPhone = "UIInterfaceOrientationPortrait UIInterfaceOrientationLandscapeLeft UIInterfaceOrientationLandscapeRight";
				IPHONEOS_DEPLOYMENT_TARGET = 17.5;
				LD_RUNPATH_SEARCH_PATHS = "@executable_path/Frameworks";
				"LD_RUNPATH_SEARCH_PATHS[sdk=macosx*]" = "@executable_path/../Frameworks";
				MACOSX_DEPLOYMENT_TARGET = 14.5;
				MARKETING_VERSION = 1.0;
				PRODUCT_BUNDLE_IDENTIFIER = alperensarisan.MyYoutubeApp;
				PRODUCT_NAME = "$(TARGET_NAME)";
				SDKROOT = auto;
				SUPPORTED_PLATFORMS = "iphoneos iphonesimulator macosx";
				SWIFT_EMIT_LOC_STRINGS = YES;
				SWIFT_VERSION = 5.0;
				TARGETED_DEVICE_FAMILY = "1,2";
			};
			name = Debug;
		};
		84013E012C87477E008A2A35 /* Release */ = {
			isa = XCBuildConfiguration;
			buildSettings = {
				ASSETCATALOG_COMPILER_APPICON_NAME = AppIcon;
				ASSETCATALOG_COMPILER_GLOBAL_ACCENT_COLOR_NAME = AccentColor;
				CODE_SIGN_ENTITLEMENTS = MyYoutubeApp/MyYoutubeApp.entitlements;
				CODE_SIGN_STYLE = Automatic;
				CURRENT_PROJECT_VERSION = 1;
				DEVELOPMENT_ASSET_PATHS = "\"MyYoutubeApp/Preview Content\"";
				DEVELOPMENT_TEAM = G3CQ4T9TU2;
				ENABLE_HARDENED_RUNTIME = YES;
				ENABLE_PREVIEWS = YES;
				GENERATE_INFOPLIST_FILE = YES;
				INFOPLIST_FILE = MyYoutubeApp/Info.plist;
				"INFOPLIST_KEY_UIApplicationSceneManifest_Generation[sdk=iphoneos*]" = YES;
				"INFOPLIST_KEY_UIApplicationSceneManifest_Generation[sdk=iphonesimulator*]" = YES;
				"INFOPLIST_KEY_UIApplicationSupportsIndirectInputEvents[sdk=iphoneos*]" = YES;
				"INFOPLIST_KEY_UIApplicationSupportsIndirectInputEvents[sdk=iphonesimulator*]" = YES;
				"INFOPLIST_KEY_UILaunchScreen_Generation[sdk=iphoneos*]" = YES;
				"INFOPLIST_KEY_UILaunchScreen_Generation[sdk=iphonesimulator*]" = YES;
				"INFOPLIST_KEY_UIStatusBarStyle[sdk=iphoneos*]" = UIStatusBarStyleDefault;
				"INFOPLIST_KEY_UIStatusBarStyle[sdk=iphonesimulator*]" = UIStatusBarStyleDefault;
				INFOPLIST_KEY_UISupportedInterfaceOrientations_iPad = "UIInterfaceOrientationPortrait UIInterfaceOrientationPortraitUpsideDown UIInterfaceOrientationLandscapeLeft UIInterfaceOrientationLandscapeRight";
				INFOPLIST_KEY_UISupportedInterfaceOrientations_iPhone = "UIInterfaceOrientationPortrait UIInterfaceOrientationLandscapeLeft UIInterfaceOrientationLandscapeRight";
				IPHONEOS_DEPLOYMENT_TARGET = 17.5;
				LD_RUNPATH_SEARCH_PATHS = "@executable_path/Frameworks";
				"LD_RUNPATH_SEARCH_PATHS[sdk=macosx*]" = "@executable_path/../Frameworks";
				MACOSX_DEPLOYMENT_TARGET = 14.5;
				MARKETING_VERSION = 1.0;
				PRODUCT_BUNDLE_IDENTIFIER = alperensarisan.MyYoutubeApp;
				PRODUCT_NAME = "$(TARGET_NAME)";
				SDKROOT = auto;
				SUPPORTED_PLATFORMS = "iphoneos iphonesimulator macosx";
				SWIFT_EMIT_LOC_STRINGS = YES;
				SWIFT_VERSION = 5.0;
				TARGETED_DEVICE_FAMILY = "1,2";
			};
			name = Release;
		};
/* End XCBuildConfiguration section */

/* Begin XCConfigurationList section */
		84013DEB2C87477D008A2A35 /* Build configuration list for PBXProject "MyYoutubeApp" */ = {
			isa = XCConfigurationList;
			buildConfigurations = (
				84013DFD2C87477E008A2A35 /* Debug */,
				84013DFE2C87477E008A2A35 /* Release */,
			);
			defaultConfigurationIsVisible = 0;
			defaultConfigurationName = Release;
		};
		84013DFF2C87477E008A2A35 /* Build configuration list for PBXNativeTarget "MyYoutubeApp" */ = {
			isa = XCConfigurationList;
			buildConfigurations = (
				84013E002C87477E008A2A35 /* Debug */,
				84013E012C87477E008A2A35 /* Release */,
			);
			defaultConfigurationIsVisible = 0;
			defaultConfigurationName = Release;
		};
/* End XCConfigurationList section */
	};
	rootObject = 84013DE82C87477D008A2A35 /* Project object */;
}
